
Microsoft Visual Studio Solution File, Format Version 12.00
# Visual Studio Version 17
VisualStudioVersion = 17.14.36518.9 d17.14
MinimumVisualStudioVersion = 10.0.40219.1
Project("{FAE04EC0-301F-11D3-BF4B-00C04F79EFBC}") = "StockApplication.API", "StockApplication.API\StockApplication.API.csproj", "{A9E680FF-C8A8-4F7C-B128-C88B4BC869F2}"
EndProject
Global
	GlobalSection(SolutionConfigurationPlatforms) = preSolution
		Debug|Any CPU = Debug|Any CPU
		Release|Any CPU = Release|Any CPU
	EndGlobalSection
	GlobalSection(ProjectConfigurationPlatforms) = postSolution
		{A9E680FF-C8A8-4F7C-B128-C88B4BC869F2}.Debug|Any CPU.ActiveCfg = Debug|Any CPU
		{A9E680FF-C8A8-4F7C-B128-C88B4BC869F2}.Debug|Any CPU.Build.0 = Debug|Any CPU
		{A9E680FF-C8A8-4F7C-B128-C88B4BC869F2}.Release|Any CPU.ActiveCfg = Release|Any CPU
		{A9E680FF-C8A8-4F7C-B128-C88B4BC869F2}.Release|Any CPU.Build.0 = Release|Any CPU
	EndGlobalSection
	GlobalSection(SolutionProperties) = preSolution
		HideSolutionNode = FALSE
	EndGlobalSection
	GlobalSection(ExtensibilityGlobals) = postSolution
		SolutionGuid = {CFA35796-7CE0-4106-A8A0-90A74609B9A4}
	EndGlobalSection
EndGlobal
